
Microsoft Visual Studio Solution File, Format Version 12.00
Project("{FAE04EC0-301F-11D3-BF4B-00C04F79EFBC}") = "SnekTechToolBelt", "SnekTechToolBelt\SnekTechToolBelt.csproj", "{3C2D6574-CCE0-482F-A53F-48AD18CB4A09}"
EndProject
Project("{FAE04EC0-301F-11D3-BF4B-00C04F79EFBC}") = "SnekPlugin", "SnekPlugin\SnekPlugin.csproj", "{D8510235-AD6A-4BFB-8017-0AD1CDEF44B7}"
EndProject
Project("{FAE04EC0-301F-11D3-BF4B-00C04F79EFBC}") = "SnekPluginTest", "SnekPluginTest\SnekPluginTest.csproj", "{B788B98B-6672-4E6C-AF42-0BD6C85E5AFF}"
EndProject
Global
	GlobalSection(SolutionConfigurationPlatforms) = preSolution
		Debug|Any CPU = Debug|Any CPU
		Release|Any CPU = Release|Any CPU
	EndGlobalSection
	GlobalSection(ProjectConfigurationPlatforms) = postSolution
		{3C2D6574-CCE0-482F-A53F-48AD18CB4A09}.Debug|Any CPU.ActiveCfg = Debug|Any CPU
		{3C2D6574-CCE0-482F-A53F-48AD18CB4A09}.Debug|Any CPU.Build.0 = Debug|Any CPU
		{3C2D6574-CCE0-482F-A53F-48AD18CB4A09}.Release|Any CPU.ActiveCfg = Release|Any CPU
		{3C2D6574-CCE0-482F-A53F-48AD18CB4A09}.Release|Any CPU.Build.0 = Release|Any CPU
		{D8510235-AD6A-4BFB-8017-0AD1CDEF44B7}.Debug|Any CPU.ActiveCfg = Debug|Any CPU
		{D8510235-AD6A-4BFB-8017-0AD1CDEF44B7}.Debug|Any CPU.Build.0 = Debug|Any CPU
		{D8510235-AD6A-4BFB-8017-0AD1CDEF44B7}.Release|Any CPU.ActiveCfg = Release|Any CPU
		{D8510235-AD6A-4BFB-8017-0AD1CDEF44B7}.Release|Any CPU.Build.0 = Release|Any CPU
		{B788B98B-6672-4E6C-AF42-0BD6C85E5AFF}.Debug|Any CPU.ActiveCfg = Debug|Any CPU
		{B788B98B-6672-4E6C-AF42-0BD6C85E5AFF}.Debug|Any CPU.Build.0 = Debug|Any CPU
		{B788B98B-6672-4E6C-AF42-0BD6C85E5AFF}.Release|Any CPU.ActiveCfg = Release|Any CPU
		{B788B98B-6672-4E6C-AF42-0BD6C85E5AFF}.Release|Any CPU.Build.0 = Release|Any CPU
	EndGlobalSection
EndGlobal
